// !$*UTF8*$!
{
	archiveVersion = 1;
	classes = {
	};
	objectVersion = 46;
	objects = {

/* Begin PBXBuildFile section */
		4DA0C42D1950277800839518 /* Foundation.framework in Frameworks */ = {isa = PBXBuildFile; fileRef = 4DA0C42C1950277800839518 /* Foundation.framework */; };
		4DA0C42F1950277800839518 /* CoreGraphics.framework in Frameworks */ = {isa = PBXBuildFile; fileRef = 4DA0C42E1950277800839518 /* CoreGraphics.framework */; };
		4DA0C4311950277800839518 /* UIKit.framework in Frameworks */ = {isa = PBXBuildFile; fileRef = 4DA0C4301950277800839518 /* UIKit.framework */; };
		4DA0C4371950277800839518 /* InfoPlist.strings in Resources */ = {isa = PBXBuildFile; fileRef = 4DA0C4351950277800839518 /* InfoPlist.strings */; };
		4DA0C4391950277800839518 /* main.m in Sources */ = {isa = PBXBuildFile; fileRef = 4DA0C4381950277800839518 /* main.m */; };
		4DA0C43D1950277800839518 /* FruitPrinceAppDelegate.m in Sources */ = {isa = PBXBuildFile; fileRef = 4DA0C43C1950277800839518 /* FruitPrinceAppDelegate.m */; };
		4DA0C4401950277800839518 /* Main.storyboard in Resources */ = {isa = PBXBuildFile; fileRef = 4DA0C43E1950277800839518 /* Main.storyboard */; };
		4DA0C4431950277800839518 /* FruitPrinceViewController.m in Sources */ = {isa = PBXBuildFile; fileRef = 4DA0C4421950277800839518 /* FruitPrinceViewController.m */; };
		4DA0C4451950277900839518 /* Images.xcassets in Resources */ = {isa = PBXBuildFile; fileRef = 4DA0C4441950277900839518 /* Images.xcassets */; };
		4DA0C44C1950277900839518 /* XCTest.framework in Frameworks */ = {isa = PBXBuildFile; fileRef = 4DA0C44B1950277900839518 /* XCTest.framework */; };
		4DA0C44D1950277900839518 /* Foundation.framework in Frameworks */ = {isa = PBXBuildFile; fileRef = 4DA0C42C1950277800839518 /* Foundation.framework */; };
		4DA0C44E1950277900839518 /* UIKit.framework in Frameworks */ = {isa = PBXBuildFile; fileRef = 4DA0C4301950277800839518 /* UIKit.framework */; };
		4DA0C4561950277900839518 /* InfoPlist.strings in Resources */ = {isa = PBXBuildFile; fileRef = 4DA0C4541950277900839518 /* InfoPlist.strings */; };
		4DA0C4581950277900839518 /* FruitPrinceTests.m in Sources */ = {isa = PBXBuildFile; fileRef = 4DA0C4571950277900839518 /* FruitPrinceTests.m */; };
/* End PBXBuildFile section */

/* Begin PBXContainerItemProxy section */
		4DA0C44F1950277900839518 /* PBXContainerItemProxy */ = {
			isa = PBXContainerItemProxy;
			containerPortal = 4DA0C4211950277800839518 /* Project object */;
			proxyType = 1;
			remoteGlobalIDString = 4DA0C4281950277800839518;
			remoteInfo = FruitPrince;
		};
/* End PBXContainerItemProxy section */

/* Begin PBXFileReference section */
		4DA0C4291950277800839518 /* FruitPrince.app */ = {isa = PBXFileReference; explicitFileType = wrapper.application; includeInIndex = 0; path = FruitPrince.app; sourceTree = BUILT_PRODUCTS_DIR; };
		4DA0C42C1950277800839518 /* Foundation.framework */ = {isa = PBXFileReference; lastKnownFileType = wrapper.framework; name = Foundation.framework; path = System/Library/Frameworks/Foundation.framework; sourceTree = SDKROOT; };
		4DA0C42E1950277800839518 /* CoreGraphics.framework */ = {isa = PBXFileReference; lastKnownFileType = wrapper.framework; name = CoreGraphics.framework; path = System/Library/Frameworks/CoreGraphics.framework; sourceTree = SDKROOT; };
		4DA0C4301950277800839518 /* UIKit.framework */ = {isa = PBXFileReference; lastKnownFileType = wrapper.framework; name = UIKit.framework; path = System/Library/Frameworks/UIKit.framework; sourceTree = SDKROOT; };
		4DA0C4341950277800839518 /* FruitPrince-Info.plist */ = {isa = PBXFileReference; lastKnownFileType = text.plist.xml; path = "FruitPrince-Info.plist"; sourceTree = "<group>"; };
		4DA0C4361950277800839518 /* en */ = {isa = PBXFileReference; lastKnownFileType = text.plist.strings; name = en; path = en.lproj/InfoPlist.strings; sourceTree = "<group>"; };
		4DA0C4381950277800839518 /* main.m */ = {isa = PBXFileReference; lastKnownFileType = sourcecode.c.objc; path = main.m; sourceTree = "<group>"; };
		4DA0C43A1950277800839518 /* FruitPrince-Prefix.pch */ = {isa = PBXFileReference; lastKnownFileType = sourcecode.c.h; path = "FruitPrince-Prefix.pch"; sourceTree = "<group>"; };
		4DA0C43B1950277800839518 /* FruitPrinceAppDelegate.h */ = {isa = PBXFileReference; lastKnownFileType = sourcecode.c.h; path = FruitPrinceAppDelegate.h; sourceTree = "<group>"; };
		4DA0C43C1950277800839518 /* FruitPrinceAppDelegate.m */ = {isa = PBXFileReference; lastKnownFileType = sourcecode.c.objc; path = FruitPrinceAppDelegate.m; sourceTree = "<group>"; };
		4DA0C43F1950277800839518 /* Base */ = {isa = PBXFileReference; lastKnownFileType = file.storyboard; name = Base; path = Base.lproj/Main.storyboard; sourceTree = "<group>"; };
		4DA0C4411950277800839518 /* FruitPrinceViewController.h */ = {isa = PBXFileReference; lastKnownFileType = sourcecode.c.h; path = FruitPrinceViewController.h; sourceTree = "<group>"; };
		4DA0C4421950277800839518 /* FruitPrinceViewController.m */ = {isa = PBXFileReference; lastKnownFileType = sourcecode.c.objc; path = FruitPrinceViewController.m; sourceTree = "<group>"; };
		4DA0C4441950277900839518 /* Images.xcassets */ = {isa = PBXFileReference; lastKnownFileType = folder.assetcatalog; path = Images.xcassets; sourceTree = "<group>"; };
		4DA0C44A1950277900839518 /* FruitPrinceTests.xctest */ = {isa = PBXFileReference; explicitFileType = wrapper.cfbundle; includeInIndex = 0; path = FruitPrinceTests.xctest; sourceTree = BUILT_PRODUCTS_DIR; };
		4DA0C44B1950277900839518 /* XCTest.framework */ = {isa = PBXFileReference; lastKnownFileType = wrapper.framework; name = XCTest.framework; path = Library/Frameworks/XCTest.framework; sourceTree = DEVELOPER_DIR; };
		4DA0C4531950277900839518 /* FruitPrinceTests-Info.plist */ = {isa = PBXFileReference; lastKnownFileType = text.plist.xml; path = "FruitPrinceTests-Info.plist"; sourceTree = "<group>"; };
		4DA0C4551950277900839518 /* en */ = {isa = PBXFileReference; lastKnownFileType = text.plist.strings; name = en; path = en.lproj/InfoPlist.strings; sourceTree = "<group>"; };
		4DA0C4571950277900839518 /* FruitPrinceTests.m */ = {isa = PBXFileReference; lastKnownFileType = sourcecode.c.objc; path = FruitPrinceTests.m; sourceTree = "<group>"; };
/* End PBXFileReference section */

/* Begin PBXFrameworksBuildPhase section */
		4DA0C4261950277800839518 /* Frameworks */ = {
			isa = PBXFrameworksBuildPhase;
			buildActionMask = 2147483647;
			files = (
				4DA0C42F1950277800839518 /* CoreGraphics.framework in Frameworks */,
				4DA0C4311950277800839518 /* UIKit.framework in Frameworks */,
				4DA0C42D1950277800839518 /* Foundation.framework in Frameworks */,
			);
			runOnlyForDeploymentPostprocessing = 0;
		};
		4DA0C4471950277900839518 /* Frameworks */ = {
			isa = PBXFrameworksBuildPhase;
			buildActionMask = 2147483647;
			files = (
				4DA0C44C1950277900839518 /* XCTest.framework in Frameworks */,
				4DA0C44E1950277900839518 /* UIKit.framework in Frameworks */,
				4DA0C44D1950277900839518 /* Foundation.framework in Frameworks */,
			);
			runOnlyForDeploymentPostprocessing = 0;
		};
/* End PBXFrameworksBuildPhase section */

/* Begin PBXGroup section */
		4DA0C4201950277800839518 = {
			isa = PBXGroup;
			children = (
				4DA0C4321950277800839518 /* FruitPrince */,
				4DA0C4511950277900839518 /* FruitPrinceTests */,
				4DA0C42B1950277800839518 /* Frameworks */,
				4DA0C42A1950277800839518 /* Products */,
			);
			sourceTree = "<group>";
		};
		4DA0C42A1950277800839518 /* Products */ = {
			isa = PBXGroup;
			children = (
				4DA0C4291950277800839518 /* FruitPrince.app */,
				4DA0C44A1950277900839518 /* FruitPrinceTests.xctest */,
			);
			name = Products;
			sourceTree = "<group>";
		};
		4DA0C42B1950277800839518 /* Frameworks */ = {
			isa = PBXGroup;
			children = (
				4DA0C42C1950277800839518 /* Foundation.framework */,
				4DA0C42E1950277800839518 /* CoreGraphics.framework */,
				4DA0C4301950277800839518 /* UIKit.framework */,
				4DA0C44B1950277900839518 /* XCTest.framework */,
			);
			name = Frameworks;
			sourceTree = "<group>";
		};
		4DA0C4321950277800839518 /* FruitPrince */ = {
			isa = PBXGroup;
			children = (
				4DA0C43B1950277800839518 /* FruitPrinceAppDelegate.h */,
				4DA0C43C1950277800839518 /* FruitPrinceAppDelegate.m */,
				4DA0C43E1950277800839518 /* Main.storyboard */,
				4DA0C4411950277800839518 /* FruitPrinceViewController.h */,
				4DA0C4421950277800839518 /* FruitPrinceViewController.m */,
				4DA0C4441950277900839518 /* Images.xcassets */,
				4DA0C4331950277800839518 /* Supporting Files */,
			);
			path = FruitPrince;
			sourceTree = "<group>";
		};
		4DA0C4331950277800839518 /* Supporting Files */ = {
			isa = PBXGroup;
			children = (
				4DA0C4341950277800839518 /* FruitPrince-Info.plist */,
				4DA0C4351950277800839518 /* InfoPlist.strings */,
				4DA0C4381950277800839518 /* main.m */,
				4DA0C43A1950277800839518 /* FruitPrince-Prefix.pch */,
			);
			name = "Supporting Files";
			sourceTree = "<group>";
		};
		4DA0C4511950277900839518 /* FruitPrinceTests */ = {
			isa = PBXGroup;
			children = (
				4DA0C4571950277900839518 /* FruitPrinceTests.m */,
				4DA0C4521950277900839518 /* Supporting Files */,
			);
			path = FruitPrinceTests;
			sourceTree = "<group>";
		};
		4DA0C4521950277900839518 /* Supporting Files */ = {
			isa = PBXGroup;
			children = (
				4DA0C4531950277900839518 /* FruitPrinceTests-Info.plist */,
				4DA0C4541950277900839518 /* InfoPlist.strings */,
			);
			name = "Supporting Files";
			sourceTree = "<group>";
		};
/* End PBXGroup section */

/* Begin PBXNativeTarget section */
		4DA0C4281950277800839518 /* FruitPrince */ = {
			isa = PBXNativeTarget;
			buildConfigurationList = 4DA0C45B1950277900839518 /* Build configuration list for PBXNativeTarget "FruitPrince" */;
			buildPhases = (
				4DA0C4251950277800839518 /* Sources */,
				4DA0C4261950277800839518 /* Frameworks */,
				4DA0C4271950277800839518 /* Resources */,
			);
			buildRules = (
			);
			dependencies = (
			);
			name = FruitPrince;
			productName = FruitPrince;
			productReference = 4DA0C4291950277800839518 /* FruitPrince.app */;
			productType = "com.apple.product-type.application";
		};
		4DA0C4491950277900839518 /* FruitPrinceTests */ = {
			isa = PBXNativeTarget;
			buildConfigurationList = 4DA0C45E1950277900839518 /* Build configuration list for PBXNativeTarget "FruitPrinceTests" */;
			buildPhases = (
				4DA0C4461950277900839518 /* Sources */,
				4DA0C4471950277900839518 /* Frameworks */,
				4DA0C4481950277900839518 /* Resources */,
			);
			buildRules = (
			);
			dependencies = (
				4DA0C4501950277900839518 /* PBXTargetDependency */,
			);
			name = FruitPrinceTests;
			productName = FruitPrinceTests;
			productReference = 4DA0C44A1950277900839518 /* FruitPrinceTests.xctest */;
			productType = "com.apple.product-type.bundle.unit-test";
		};
/* End PBXNativeTarget section */

/* Begin PBXProject section */
		4DA0C4211950277800839518 /* Project object */ = {
			isa = PBXProject;
			attributes = {
				CLASSPREFIX = FruitPrince;
				LastUpgradeCheck = 0510;
				ORGANIZATIONNAME = "___HGX___";
				TargetAttributes = {
					4DA0C4491950277900839518 = {
						TestTargetID = 4DA0C4281950277800839518;
					};
				};
			};
			buildConfigurationList = 4DA0C4241950277800839518 /* Build configuration list for PBXProject "FruitPrince" */;
			compatibilityVersion = "Xcode 3.2";
			developmentRegion = English;
			hasScannedForEncodings = 0;
			knownRegions = (
				en,
				Base,
			);
			mainGroup = 4DA0C4201950277800839518;
			productRefGroup = 4DA0C42A1950277800839518 /* Products */;
			projectDirPath = "";
			projectRoot = "";
			targets = (
				4DA0C4281950277800839518 /* FruitPrince */,
				4DA0C4491950277900839518 /* FruitPrinceTests */,
			);
		};
/* End PBXProject section */

/* Begin PBXResourcesBuildPhase section */
		4DA0C4271950277800839518 /* Resources */ = {
			isa = PBXResourcesBuildPhase;
			buildActionMask = 2147483647;
			files = (
				4DA0C4451950277900839518 /* Images.xcassets in Resources */,
				4DA0C4371950277800839518 /* InfoPlist.strings in Resources */,
				4DA0C4401950277800839518 /* Main.storyboard in Resources */,
			);
			runOnlyForDeploymentPostprocessing = 0;
		};
		4DA0C4481950277900839518 /* Resources */ = {
			isa = PBXResourcesBuildPhase;
			buildActionMask = 2147483647;
			files = (
				4DA0C4561950277900839518 /* InfoPlist.strings in Resources */,
			);
			runOnlyForDeploymentPostprocessing = 0;
		};
/* End PBXResourcesBuildPhase section */

/* Begin PBXSourcesBuildPhase section */
		4DA0C4251950277800839518 /* Sources */ = {
			isa = PBXSourcesBuildPhase;
			buildActionMask = 2147483647;
			files = (
				4DA0C43D1950277800839518 /* FruitPrinceAppDelegate.m in Sources */,
				4DA0C4391950277800839518 /* main.m in Sources */,
				4DA0C4431950277800839518 /* FruitPrinceViewController.m in Sources */,
			);
			runOnlyForDeploymentPostprocessing = 0;
		};
		4DA0C4461950277900839518 /* Sources */ = {
			isa = PBXSourcesBuildPhase;
			buildActionMask = 2147483647;
			files = (
				4DA0C4581950277900839518 /* FruitPrinceTests.m in Sources */,
			);
			runOnlyForDeploymentPostprocessing = 0;
		};
/* End PBXSourcesBuildPhase section */

/* Begin PBXTargetDependency section */
		4DA0C4501950277900839518 /* PBXTargetDependency */ = {
			isa = PBXTargetDependency;
			target = 4DA0C4281950277800839518 /* FruitPrince */;
			targetProxy = 4DA0C44F1950277900839518 /* PBXContainerItemProxy */;
		};
/* End PBXTargetDependency section */

/* Begin PBXVariantGroup section */
		4DA0C4351950277800839518 /* InfoPlist.strings */ = {
			isa = PBXVariantGroup;
			children = (
				4DA0C4361950277800839518 /* en */,
			);
			name = InfoPlist.strings;
			sourceTree = "<group>";
		};
		4DA0C43E1950277800839518 /* Main.storyboard */ = {
			isa = PBXVariantGroup;
			children = (
				4DA0C43F1950277800839518 /* Base */,
			);
			name = Main.storyboard;
			sourceTree = "<group>";
		};
		4DA0C4541950277900839518 /* InfoPlist.strings */ = {
			isa = PBXVariantGroup;
			children = (
				4DA0C4551950277900839518 /* en */,
			);
			name = InfoPlist.strings;
			sourceTree = "<group>";
		};
/* End PBXVariantGroup section */

/* Begin XCBuildConfiguration section */
		4DA0C4591950277900839518 /* Debug */ = {
			isa = XCBuildConfiguration;
			buildSettings = {
				ALWAYS_SEARCH_USER_PATHS = NO;
				CLANG_CXX_LANGUAGE_STANDARD = "gnu++0x";
				CLANG_CXX_LIBRARY = "libc++";
				CLANG_ENABLE_MODULES = YES;
				CLANG_ENABLE_OBJC_ARC = YES;
				CLANG_WARN_BOOL_CONVERSION = YES;
				CLANG_WARN_CONSTANT_CONVERSION = YES;
				CLANG_WARN_DIRECT_OBJC_ISA_USAGE = YES_ERROR;
				CLANG_WARN_EMPTY_BODY = YES;
				CLANG_WARN_ENUM_CONVERSION = YES;
				CLANG_WARN_INT_CONVERSION = YES;
				CLANG_WARN_OBJC_ROOT_CLASS = YES_ERROR;
				CLANG_WARN__DUPLICATE_METHOD_MATCH = YES;
				"CODE_SIGN_IDENTITY[sdk=iphoneos*]" = "iPhone Developer";
				COPY_PHASE_STRIP = NO;
				GCC_C_LANGUAGE_STANDARD = gnu99;
				GCC_DYNAMIC_NO_PIC = NO;
				GCC_OPTIMIZATION_LEVEL = 0;
				GCC_PREPROCESSOR_DEFINITIONS = (
					"DEBUG=1",
					"$(inherited)",
				);
				GCC_SYMBOLS_PRIVATE_EXTERN = NO;
				GCC_WARN_64_TO_32_BIT_CONVERSION = YES;
				GCC_WARN_ABOUT_RETURN_TYPE = YES_ERROR;
				GCC_WARN_UNDECLARED_SELECTOR = YES;
				GCC_WARN_UNINITIALIZED_AUTOS = YES_AGGRESSIVE;
				GCC_WARN_UNUSED_FUNCTION = YES;
				GCC_WARN_UNUSED_VARIABLE = YES;
				IPHONEOS_DEPLOYMENT_TARGET = 7.1;
				ONLY_ACTIVE_ARCH = YES;
				SDKROOT = iphoneos;
			};
			name = Debug;
		};
		4DA0C45A1950277900839518 /* Release */ = {
			isa = XCBuildConfiguration;
			buildSettings = {
				ALWAYS_SEARCH_USER_PATHS = NO;
				CLANG_CXX_LANGUAGE_STANDARD = "gnu++0x";
				CLANG_CXX_LIBRARY = "libc++";
				CLANG_ENABLE_MODULES = YES;
				CLANG_ENABLE_OBJC_ARC = YES;
				CLANG_WARN_BOOL_CONVERSION = YES;
				CLANG_WARN_CONSTANT_CONVERSION = YES;
				CLANG_WARN_DIRECT_OBJC_ISA_USAGE = YES_ERROR;
				CLANG_WARN_EMPTY_BODY = YES;
				CLANG_WARN_ENUM_CONVERSION = YES;
				CLANG_WARN_INT_CONVERSION = YES;
				CLANG_WARN_OBJC_ROOT_CLASS = YES_ERROR;
				CLANG_WARN__DUPLICATE_METHOD_MATCH = YES;
				"CODE_SIGN_IDENTITY[sdk=iphoneos*]" = "iPhone Developer";
				COPY_PHASE_STRIP = YES;
				ENABLE_NS_ASSERTIONS = NO;
				GCC_C_LANGUAGE_STANDARD = gnu99;
				GCC_WARN_64_TO_32_BIT_CONVERSION = YES;
				GCC_WARN_ABOUT_RETURN_TYPE = YES_ERROR;
				GCC_WARN_UNDECLARED_SELECTOR = YES;
				GCC_WARN_UNINITIALIZED_AUTOS = YES_AGGRESSIVE;
				GCC_WARN_UNUSED_FUNCTION = YES;
				GCC_WARN_UNUSED_VARIABLE = YES;
				IPHONEOS_DEPLOYMENT_TARGET = 7.1;
				SDKROOT = iphoneos;
				VALIDATE_PRODUCT = YES;
			};
			name = Release;
		};
		4DA0C45C1950277900839518 /* Debug */ = {
			isa = XCBuildConfiguration;
			buildSettings = {
				ASSETCATALOG_COMPILER_APPICON_NAME = AppIcon;
				ASSETCATALOG_COMPILER_LAUNCHIMAGE_NAME = LaunchImage;
				GCC_PRECOMPILE_PREFIX_HEADER = YES;
				GCC_PREFIX_HEADER = "FruitPrince/FruitPrince-Prefix.pch";
				INFOPLIST_FILE = "FruitPrince/FruitPrince-Info.plist";
				PRODUCT_NAME = "$(TARGET_NAME)";
				WRAPPER_EXTENSION = app;
			};
			name = Debug;
		};
		4DA0C45D1950277900839518 /* Release */ = {
			isa = XCBuildConfiguration;
			buildSettings = {
				ASSETCATALOG_COMPILER_APPICON_NAME = AppIcon;
				ASSETCATALOG_COMPILER_LAUNCHIMAGE_NAME = LaunchImage;
				GCC_PRECOMPILE_PREFIX_HEADER = YES;
				GCC_PREFIX_HEADER = "FruitPrince/FruitPrince-Prefix.pch";
				INFOPLIST_FILE = "FruitPrince/FruitPrince-Info.plist";
				PRODUCT_NAME = "$(TARGET_NAME)";
				WRAPPER_EXTENSION = app;
			};
			name = Release;
		};
		4DA0C45F1950277900839518 /* Debug */ = {
			isa = XCBuildConfiguration;
			buildSettings = {
				BUNDLE_LOADER = "$(BUILT_PRODUCTS_DIR)/FruitPrince.app/FruitPrince";
				FRAMEWORK_SEARCH_PATHS = (
					"$(SDKROOT)/Developer/Library/Frameworks",
					"$(inherited)",
					"$(DEVELOPER_FRAMEWORKS_DIR)",
				);
				GCC_PRECOMPILE_PREFIX_HEADER = YES;
				GCC_PREFIX_HEADER = "FruitPrince/FruitPrince-Prefix.pch";
				GCC_PREPROCESSOR_DEFINITIONS = (
					"DEBUG=1",
					"$(inherited)",
				);
				INFOPLIST_FILE = "FruitPrinceTests/FruitPrinceTests-Info.plist";
				PRODUCT_NAME = "$(TARGET_NAME)";
				TEST_HOST = "$(BUNDLE_LOADER)";
				WRAPPER_EXTENSION = xctest;
			};
			name = Debug;
		};
		4DA0C4601950277900839518 /* Release */ = {
			isa = XCBuildConfiguration;
			buildSettings = {
				BUNDLE_LOADER = "$(BUILT_PRODUCTS_DIR)/FruitPrince.app/FruitPrince";
				FRAMEWORK_SEARCH_PATHS = (
					"$(SDKROOT)/Developer/Library/Frameworks",
					"$(inherited)",
					"$(DEVELOPER_FRAMEWORKS_DIR)",
				);
				GCC_PRECOMPILE_PREFIX_HEADER = YES;
				GCC_PREFIX_HEADER = "FruitPrince/FruitPrince-Prefix.pch";
				INFOPLIST_FILE = "FruitPrinceTests/FruitPrinceTests-Info.plist";
				PRODUCT_NAME = "$(TARGET_NAME)";
				TEST_HOST = "$(BUNDLE_LOADER)";
				WRAPPER_EXTENSION = xctest;
			};
			name = Release;
		};
/* End XCBuildConfiguration section */

/* Begin XCConfigurationList section */
		4DA0C4241950277800839518 /* Build configuration list for PBXProject "FruitPrince" */ = {
			isa = XCConfigurationList;
			buildConfigurations = (
				4DA0C4591950277900839518 /* Debug */,
				4DA0C45A1950277900839518 /* Release */,
			);
			defaultConfigurationIsVisible = 0;
			defaultConfigurationName = Release;
		};
		4DA0C45B1950277900839518 /* Build configuration list for PBXNativeTarget "FruitPrince" */ = {
			isa = XCConfigurationList;
			buildConfigurations = (
				4DA0C45C1950277900839518 /* Debug */,
				4DA0C45D1950277900839518 /* Release */,
			);
			defaultConfigurationIsVisible = 0;
		};
		4DA0C45E1950277900839518 /* Build configuration list for PBXNativeTarget "FruitPrinceTests" */ = {
			isa = XCConfigurationList;
			buildConfigurations = (
				4DA0C45F1950277900839518 /* Debug */,
				4DA0C4601950277900839518 /* Release */,
			);
			defaultConfigurationIsVisible = 0;
		};
/* End XCConfigurationList section */
	};
	rootObject = 4DA0C4211950277800839518 /* Project object */;
}
